<?xml version="1.0" encoding="utf-8"?>
<Project ToolsVersion="4.0" xmlns="http://schemas.microsoft.com/developer/msbuild/2003">
  <ItemGroup>
    <Filter Include="소스 파일">
      <UniqueIdentifier>{4FC737F1-C7A5-4376-A066-2A32D752A2FF}</UniqueIdentifier>
      <Extensions>cpp;c;cc;cxx;c++;cppm;ixx;def;odl;idl;hpj;bat;asm;asmx</Extensions>
    </Filter>
    <Filter Include="헤더 파일">
      <UniqueIdentifier>{93995380-89BD-4b04-88EB-625FBE52EBFB}</UniqueIdentifier>
      <Extensions>h;hh;hpp;hxx;h++;hm;inl;inc;ipp;xsd</Extensions>
    </Filter>
    <Filter Include="리소스 파일">
      <UniqueIdentifier>{67DA6AB6-F800-4c08-8B7A-83BB121AAD01}</UniqueIdentifier>
      <Extensions>rc;ico;cur;bmp;dlg;rc2;rct;bin;rgs;gif;jpg;jpeg;jpe;resx;tiff;tif;png;wav;mfcribbon-ms</Extensions>
    </Filter>
    <Filter Include="소스 파일\RUDPCore">
      <UniqueIdentifier>{0ebe0f48-0969-44c3-a236-c146070f8fc2}</UniqueIdentifier>
    </Filter>
    <Filter Include="소스 파일\lib">
      <UniqueIdentifier>{e962855b-6aab-480c-a659-b937289e9192}</UniqueIdentifier>
    </Filter>
    <Filter Include="소스 파일\RUDPCore\CoreTypes">
      <UniqueIdentifier>{5b37a268-ba22-451e-a5a8-fc586dbe0aa4}</UniqueIdentifier>
    </Filter>
    <Filter Include="소스 파일\Protocol">
      <UniqueIdentifier>{796ebcaf-6314-418d-93b9-e9523cf243de}</UniqueIdentifier>
    </Filter>
    <Filter Include="소스 파일\PacketManager">
      <UniqueIdentifier>{d60917a3-aef1-4114-9eb0-a4770b52b62f}</UniqueIdentifier>
    </Filter>
  </ItemGroup>
  <ItemGroup>
    <ClCompile Include="main.cpp">
      <Filter>소스 파일</Filter>
    </ClCompile>
    <ClCompile Include="RUDPServerCore.cpp">
      <Filter>소스 파일\RUDPCore</Filter>
    </ClCompile>
    <ClCompile Include="RUDPSession.cpp">
      <Filter>소스 파일\RUDPCore</Filter>
    </ClCompile>
    <ClCompile Include="..\..\..\..\..\Desktop\Common\NetServerSerializeBuffer.cpp">
      <Filter>소스 파일\lib</Filter>
    </ClCompile>
    <ClCompile Include="CoreUtil.cpp">
      <Filter>소스 파일\RUDPCore</Filter>
    </ClCompile>
    <ClCompile Include="PacketManager.cpp">
      <Filter>소스 파일\PacketManager</Filter>
    </ClCompile>
  </ItemGroup>
  <ItemGroup>
    <ClInclude Include="RUDPServerCore.h">
      <Filter>소스 파일\RUDPCore</Filter>
    </ClInclude>
    <ClInclude Include="RUDPSession.h">
      <Filter>소스 파일\RUDPCore</Filter>
    </ClInclude>
    <ClInclude Include="BuildConfig.h">
      <Filter>소스 파일\RUDPCore\CoreTypes</Filter>
    </ClInclude>
    <ClInclude Include="CoreUtil.h">
      <Filter>소스 파일\RUDPCore</Filter>
    </ClInclude>
    <ClInclude Include="CoreStruct.h">
      <Filter>소스 파일\RUDPCore\CoreTypes</Filter>
    </ClInclude>
    <ClInclude Include="Protocol.h">
      <Filter>소스 파일\Protocol</Filter>
    </ClInclude>
    <ClInclude Include="PacketManager.h">
      <Filter>소스 파일\PacketManager</Filter>
    </ClInclude>
    <ClInclude Include="CoreType.h">
      <Filter>소스 파일\RUDPCore\CoreTypes</Filter>
    </ClInclude>
  </ItemGroup>
</Project>